// !$*UTF8*$!
{
	archiveVersion = 1;
	classes = {
	};
	objectVersion = 56;
	objects = {

/* Begin PBXBuildFile section */
		A6C13F15CA01CFBFC33BB8B2 /* AirportOverviewView.swift in Sources */ = {isa = PBXBuildFile; fileRef = CBEB3E07F7F59302A97636F0 /* AirportOverviewView.swift */; };
		AA2DD67100E7AC8B29C68418 /* BuildView.swift in Sources */ = {isa = PBXBuildFile; fileRef = BD46C13744C3C2DF373CB291 /* BuildView.swift */; };
		AE5FF3AAFF93122D3EA6225A /* CatalogCities.swift in Sources */ = {isa = PBXBuildFile; fileRef = 58CE9AEE13B6B4FDED4F9BDB /* CatalogCities.swift */; };
		C88D2EC09DF741D68B3A4C47 /* CatalogEvents.swift in Sources */ = {isa = PBXBuildFile; fileRef = 75598B83C6AA0438A83676AB /* CatalogEvents.swift */; };
		F0676DA1F292636D58F82E39 /* CatalogFleet.swift in Sources */ = {isa = PBXBuildFile; fileRef = 7642A902A2A959ACD006E7F3 /* CatalogFleet.swift */; };
		45259998091280B872FFA6F7 /* CatalogProgress.swift in Sources */ = {isa = PBXBuildFile; fileRef = 15E7B8AA6361F33E646ED11D /* CatalogProgress.swift */; };
		A059F0A238C50F66D6A095CE /* Economy.swift in Sources */ = {isa = PBXBuildFile; fileRef = E2F4E5C6E9ABD7055704BCA4 /* Economy.swift */; };
		F07F48C086E30CF6D75DD767 /* EventViews.swift in Sources */ = {isa = PBXBuildFile; fileRef = E13E571D2A1886F8F2B594A8 /* EventViews.swift */; };
		819BCD807E1D380A32E85B06 /* FinanceView.swift in Sources */ = {isa = PBXBuildFile; fileRef = E96CAB7B573330AC7CEAF596 /* FinanceView.swift */; };
		171B4937E8746904EAFF5246 /* FleetView.swift in Sources */ = {isa = PBXBuildFile; fileRef = C6C460F5F538A68F806F552D /* FleetView.swift */; };
		531B751E8453CC56ED863967 /* GameEngine.swift in Sources */ = {isa = PBXBuildFile; fileRef = B5B6C3790AC2D7D1DC48337E /* GameEngine.swift */; };
		37AAC157C33887E647904827 /* GameState.swift in Sources */ = {isa = PBXBuildFile; fileRef = 147024C64C2BEDE9264BD423 /* GameState.swift */; };
		98C350C860A7EDEF4CC01755 /* GameStore.swift in Sources */ = {isa = PBXBuildFile; fileRef = 096E440D092536F5C26344D7 /* GameStore.swift */; };
		9B27B02EF04C27F1B96510B1 /* Icons.swift in Sources */ = {isa = PBXBuildFile; fileRef = 26C25EADB89BBDC5666D0BF7 /* Icons.swift */; };
		38488C0FF5BD3DE77D4F82D2 /* MainMenuView.swift in Sources */ = {isa = PBXBuildFile; fileRef = 4D7BB6E4804801423D1522AC /* MainMenuView.swift */; };
		825DAA6CBBA7190D7668CBF6 /* Models.swift in Sources */ = {isa = PBXBuildFile; fileRef = 174EDCD4A42C457F3C1474B5 /* Models.swift */; };
		7AF741AA2C1790D132E1E351 /* MoreHubView.swift in Sources */ = {isa = PBXBuildFile; fileRef = 4C4DF078596BC582744B0758 /* MoreHubView.swift */; };
		26D9F579906A1FB62F2BA575 /* OnboardingView.swift in Sources */ = {isa = PBXBuildFile; fileRef = 3F4685F5A033070405FF89AA /* OnboardingView.swift */; };
		D4FB00463B656832432E4F3F /* ResearchView.swift in Sources */ = {isa = PBXBuildFile; fileRef = BC6209B01C736E8C7CD0A737 /* ResearchView.swift */; };
		AF62FC010B84154206632703 /* RootView.swift in Sources */ = {isa = PBXBuildFile; fileRef = 6D3357E41CA861B638A46925 /* RootView.swift */; };
		E1BA27AD749BD42BF41654D1 /* RouteDetailView.swift in Sources */ = {isa = PBXBuildFile; fileRef = 29339DD7B9FD1D483D9AF927 /* RouteDetailView.swift */; };
		E4B60649C682520482BE2CA1 /* RoutesView.swift in Sources */ = {isa = PBXBuildFile; fileRef = 7D956D8448D672CC44D05CD7 /* RoutesView.swift */; };
		8139624898A349ADA4ED5613 /* SettingsView.swift in Sources */ = {isa = PBXBuildFile; fileRef = B21A48F4CE5EDCAA60D410E3 /* SettingsView.swift */; };
		3261BA248D0D185F3310D0E2 /* SharedUI.swift in Sources */ = {isa = PBXBuildFile; fileRef = B26D2044C52C908D941580A0 /* SharedUI.swift */; };
		3A0331FD0393AAFC6DFBAF53 /* AeroLedgerLoadingScreen.swift in Sources */ = {isa = PBXBuildFile; fileRef = 6E32B3B99E5965FDB643DB82 /* AeroLedgerLoadingScreen.swift */; };
		0C95FDC31A1DEE9F504BBF93 /* AeroLedgerApp.swift in Sources */ = {isa = PBXBuildFile; fileRef = 900D9E852B605884E1C3F136 /* AeroLedgerApp.swift */; };
		1EE2713B57780F6D6F39C0ED /* AeroLedgerWebPanel.swift in Sources */ = {isa = PBXBuildFile; fileRef = FD8FE7EFDB3D9148EAA6BDE2 /* AeroLedgerWebPanel.swift */; };
		038C0B5BD122E26AF1E2605D /* StaffBonus.swift in Sources */ = {isa = PBXBuildFile; fileRef = 1C4FE960F088BF84F1C07F1A /* StaffBonus.swift */; };
		E94AD60438C76FB08BB4B194 /* StaffView.swift in Sources */ = {isa = PBXBuildFile; fileRef = 410291287F5EC0E703AC6B24 /* StaffView.swift */; };
		BE30B77B93B5337EE9925BE8 /* StatisticsView.swift in Sources */ = {isa = PBXBuildFile; fileRef = D5E373A4685602AF82D26E94 /* StatisticsView.swift */; };
		29BB008AD9933FF8A77ED150 /* Theme.swift in Sources */ = {isa = PBXBuildFile; fileRef = F1A099E74EC0E0C3FABA0DB7 /* Theme.swift */; };
		2C08665C08B7FE955253C0FF /* WeekResultView.swift in Sources */ = {isa = PBXBuildFile; fileRef = 6BE6472535581029A6A3950E /* WeekResultView.swift */; };
		99810209AD4FE3320BC122AD /* Assets.xcassets in Resources */ = {isa = PBXBuildFile; fileRef = 58F02208A1E6A99468703A4E /* Assets.xcassets */; };
/* End PBXBuildFile section */

/* Begin PBXFileReference section */
		CBEB3E07F7F59302A97636F0 /* AirportOverviewView.swift */ = {isa = PBXFileReference; lastKnownFileType = sourcecode.swift; path = "AirportOverviewView.swift"; sourceTree = "<group>"; };
		BD46C13744C3C2DF373CB291 /* BuildView.swift */ = {isa = PBXFileReference; lastKnownFileType = sourcecode.swift; path = "BuildView.swift"; sourceTree = "<group>"; };
		58CE9AEE13B6B4FDED4F9BDB /* CatalogCities.swift */ = {isa = PBXFileReference; lastKnownFileType = sourcecode.swift; path = "CatalogCities.swift"; sourceTree = "<group>"; };
		75598B83C6AA0438A83676AB /* CatalogEvents.swift */ = {isa = PBXFileReference; lastKnownFileType = sourcecode.swift; path = "CatalogEvents.swift"; sourceTree = "<group>"; };
		7642A902A2A959ACD006E7F3 /* CatalogFleet.swift */ = {isa = PBXFileReference; lastKnownFileType = sourcecode.swift; path = "CatalogFleet.swift"; sourceTree = "<group>"; };
		15E7B8AA6361F33E646ED11D /* CatalogProgress.swift */ = {isa = PBXFileReference; lastKnownFileType = sourcecode.swift; path = "CatalogProgress.swift"; sourceTree = "<group>"; };
		E2F4E5C6E9ABD7055704BCA4 /* Economy.swift */ = {isa = PBXFileReference; lastKnownFileType = sourcecode.swift; path = "Economy.swift"; sourceTree = "<group>"; };
		E13E571D2A1886F8F2B594A8 /* EventViews.swift */ = {isa = PBXFileReference; lastKnownFileType = sourcecode.swift; path = "EventViews.swift"; sourceTree = "<group>"; };
		E96CAB7B573330AC7CEAF596 /* FinanceView.swift */ = {isa = PBXFileReference; lastKnownFileType = sourcecode.swift; path = "FinanceView.swift"; sourceTree = "<group>"; };
		C6C460F5F538A68F806F552D /* FleetView.swift */ = {isa = PBXFileReference; lastKnownFileType = sourcecode.swift; path = "FleetView.swift"; sourceTree = "<group>"; };
		B5B6C3790AC2D7D1DC48337E /* GameEngine.swift */ = {isa = PBXFileReference; lastKnownFileType = sourcecode.swift; path = "GameEngine.swift"; sourceTree = "<group>"; };
		147024C64C2BEDE9264BD423 /* GameState.swift */ = {isa = PBXFileReference; lastKnownFileType = sourcecode.swift; path = "GameState.swift"; sourceTree = "<group>"; };
		096E440D092536F5C26344D7 /* GameStore.swift */ = {isa = PBXFileReference; lastKnownFileType = sourcecode.swift; path = "GameStore.swift"; sourceTree = "<group>"; };
		26C25EADB89BBDC5666D0BF7 /* Icons.swift */ = {isa = PBXFileReference; lastKnownFileType = sourcecode.swift; path = "Icons.swift"; sourceTree = "<group>"; };
		4D7BB6E4804801423D1522AC /* MainMenuView.swift */ = {isa = PBXFileReference; lastKnownFileType = sourcecode.swift; path = "MainMenuView.swift"; sourceTree = "<group>"; };
		174EDCD4A42C457F3C1474B5 /* Models.swift */ = {isa = PBXFileReference; lastKnownFileType = sourcecode.swift; path = "Models.swift"; sourceTree = "<group>"; };
		4C4DF078596BC582744B0758 /* MoreHubView.swift */ = {isa = PBXFileReference; lastKnownFileType = sourcecode.swift; path = "MoreHubView.swift"; sourceTree = "<group>"; };
		3F4685F5A033070405FF89AA /* OnboardingView.swift */ = {isa = PBXFileReference; lastKnownFileType = sourcecode.swift; path = "OnboardingView.swift"; sourceTree = "<group>"; };
		BC6209B01C736E8C7CD0A737 /* ResearchView.swift */ = {isa = PBXFileReference; lastKnownFileType = sourcecode.swift; path = "ResearchView.swift"; sourceTree = "<group>"; };
		6D3357E41CA861B638A46925 /* RootView.swift */ = {isa = PBXFileReference; lastKnownFileType = sourcecode.swift; path = "RootView.swift"; sourceTree = "<group>"; };
		29339DD7B9FD1D483D9AF927 /* RouteDetailView.swift */ = {isa = PBXFileReference; lastKnownFileType = sourcecode.swift; path = "RouteDetailView.swift"; sourceTree = "<group>"; };
		7D956D8448D672CC44D05CD7 /* RoutesView.swift */ = {isa = PBXFileReference; lastKnownFileType = sourcecode.swift; path = "RoutesView.swift"; sourceTree = "<group>"; };
		B21A48F4CE5EDCAA60D410E3 /* SettingsView.swift */ = {isa = PBXFileReference; lastKnownFileType = sourcecode.swift; path = "SettingsView.swift"; sourceTree = "<group>"; };
		B26D2044C52C908D941580A0 /* SharedUI.swift */ = {isa = PBXFileReference; lastKnownFileType = sourcecode.swift; path = "SharedUI.swift"; sourceTree = "<group>"; };
		6E32B3B99E5965FDB643DB82 /* AeroLedgerLoadingScreen.swift */ = {isa = PBXFileReference; lastKnownFileType = sourcecode.swift; path = "AeroLedgerLoadingScreen.swift"; sourceTree = "<group>"; };
		900D9E852B605884E1C3F136 /* AeroLedgerApp.swift */ = {isa = PBXFileReference; lastKnownFileType = sourcecode.swift; path = "AeroLedgerApp.swift"; sourceTree = "<group>"; };
		FD8FE7EFDB3D9148EAA6BDE2 /* AeroLedgerWebPanel.swift */ = {isa = PBXFileReference; lastKnownFileType = sourcecode.swift; path = "AeroLedgerWebPanel.swift"; sourceTree = "<group>"; };
		1C4FE960F088BF84F1C07F1A /* StaffBonus.swift */ = {isa = PBXFileReference; lastKnownFileType = sourcecode.swift; path = "StaffBonus.swift"; sourceTree = "<group>"; };
		410291287F5EC0E703AC6B24 /* StaffView.swift */ = {isa = PBXFileReference; lastKnownFileType = sourcecode.swift; path = "StaffView.swift"; sourceTree = "<group>"; };
		D5E373A4685602AF82D26E94 /* StatisticsView.swift */ = {isa = PBXFileReference; lastKnownFileType = sourcecode.swift; path = "StatisticsView.swift"; sourceTree = "<group>"; };
		F1A099E74EC0E0C3FABA0DB7 /* Theme.swift */ = {isa = PBXFileReference; lastKnownFileType = sourcecode.swift; path = "Theme.swift"; sourceTree = "<group>"; };
		6BE6472535581029A6A3950E /* WeekResultView.swift */ = {isa = PBXFileReference; lastKnownFileType = sourcecode.swift; path = "WeekResultView.swift"; sourceTree = "<group>"; };
		58F02208A1E6A99468703A4E /* Assets.xcassets */ = {isa = PBXFileReference; lastKnownFileType = folder.assetcatalog; path = Assets.xcassets; sourceTree = "<group>"; };
		D644AFBB5A54E9F05256CDF1 /* Info.plist */ = {isa = PBXFileReference; lastKnownFileType = text.plist.xml; path = Info.plist; sourceTree = "<group>"; };
		A97C29AD63741CF438998CE6 /* AeroLedger.app */ = {isa = PBXFileReference; explicitFileType = wrapper.application; includeInIndex = 0; path = "AeroLedger.app"; sourceTree = BUILT_PRODUCTS_DIR; };
/* End PBXFileReference section */

/* Begin PBXFrameworksBuildPhase section */
		29B2D46AA747A59804D46E1F /* Frameworks */ = {
			isa = PBXFrameworksBuildPhase;
			buildActionMask = 2147483647;
			files = (
			);
			runOnlyForDeploymentPostprocessing = 0;
		};
/* End PBXFrameworksBuildPhase section */

/* Begin PBXGroup section */
		5928955287B8089ED2177128 = {
			isa = PBXGroup;
			children = (
				1849FC21AAEE98122148FC2B /* AeroLedger */,
				D59F6469233080B6364F20D4 /* Products */,
			);
			sourceTree = "<group>";
		};
		D59F6469233080B6364F20D4 /* Products */ = {
			isa = PBXGroup;
			children = (
				A97C29AD63741CF438998CE6 /* AeroLedger.app */,
			);
			name = Products;
			sourceTree = "<group>";
		};
		1849FC21AAEE98122148FC2B /* AeroLedger */ = {
			isa = PBXGroup;
			children = (
				CBEB3E07F7F59302A97636F0 /* AirportOverviewView.swift */,
				BD46C13744C3C2DF373CB291 /* BuildView.swift */,
				58CE9AEE13B6B4FDED4F9BDB /* CatalogCities.swift */,
				75598B83C6AA0438A83676AB /* CatalogEvents.swift */,
				7642A902A2A959ACD006E7F3 /* CatalogFleet.swift */,
				15E7B8AA6361F33E646ED11D /* CatalogProgress.swift */,
				E2F4E5C6E9ABD7055704BCA4 /* Economy.swift */,
				E13E571D2A1886F8F2B594A8 /* EventViews.swift */,
				E96CAB7B573330AC7CEAF596 /* FinanceView.swift */,
				C6C460F5F538A68F806F552D /* FleetView.swift */,
				B5B6C3790AC2D7D1DC48337E /* GameEngine.swift */,
				147024C64C2BEDE9264BD423 /* GameState.swift */,
				096E440D092536F5C26344D7 /* GameStore.swift */,
				26C25EADB89BBDC5666D0BF7 /* Icons.swift */,
				4D7BB6E4804801423D1522AC /* MainMenuView.swift */,
				174EDCD4A42C457F3C1474B5 /* Models.swift */,
				4C4DF078596BC582744B0758 /* MoreHubView.swift */,
				3F4685F5A033070405FF89AA /* OnboardingView.swift */,
				BC6209B01C736E8C7CD0A737 /* ResearchView.swift */,
				6D3357E41CA861B638A46925 /* RootView.swift */,
				29339DD7B9FD1D483D9AF927 /* RouteDetailView.swift */,
				7D956D8448D672CC44D05CD7 /* RoutesView.swift */,
				B21A48F4CE5EDCAA60D410E3 /* SettingsView.swift */,
				B26D2044C52C908D941580A0 /* SharedUI.swift */,
				6E32B3B99E5965FDB643DB82 /* AeroLedgerLoadingScreen.swift */,
				900D9E852B605884E1C3F136 /* AeroLedgerApp.swift */,
				FD8FE7EFDB3D9148EAA6BDE2 /* AeroLedgerWebPanel.swift */,
				1C4FE960F088BF84F1C07F1A /* StaffBonus.swift */,
				410291287F5EC0E703AC6B24 /* StaffView.swift */,
				D5E373A4685602AF82D26E94 /* StatisticsView.swift */,
				F1A099E74EC0E0C3FABA0DB7 /* Theme.swift */,
				6BE6472535581029A6A3950E /* WeekResultView.swift */,
				58F02208A1E6A99468703A4E /* Assets.xcassets */,
				D644AFBB5A54E9F05256CDF1 /* Info.plist */,
			);
			path = "AeroLedger";
			sourceTree = "<group>";
		};
/* End PBXGroup section */

/* Begin PBXNativeTarget section */
		42AEFBAE01D2DFD981F7DA7D /* AeroLedger */ = {
			isa = PBXNativeTarget;
			buildConfigurationList = 2857F3DA31A2E77D5F204763 /* Build configuration list for PBXNativeTarget */;
			buildPhases = (
				E7209FB05162B7572F88D05E /* Sources */,
				29B2D46AA747A59804D46E1F /* Frameworks */,
				66F8606E9F0A136E2228EBCB /* Resources */,
			);
			buildRules = (
			);
			dependencies = (
			);
			name = "AeroLedger";
			productName = "AeroLedger";
			productReference = A97C29AD63741CF438998CE6 /* AeroLedger.app */;
			productType = "com.apple.product-type.application";
		};
/* End PBXNativeTarget section */

/* Begin PBXProject section */
		5299AC4324DC18342A8CCD96 /* Project object */ = {
			isa = PBXProject;
			attributes = {
				BuildIndependentTargetsInParallel = 1;
				LastSwiftUpdateCheck = 1500;
				LastUpgradeCheck = 1500;
				TargetAttributes = {
					42AEFBAE01D2DFD981F7DA7D = {
						CreatedOnToolsVersion = 15.0;
					};
				};
			};
			buildConfigurationList = 97F095DCB76B3BEBE8A459AD /* Build configuration list for PBXProject */;
			compatibilityVersion = "Xcode 14.0";
			developmentRegion = en;
			hasScannedForEncodings = 0;
			knownRegions = (
				en,
				Base,
			);
			mainGroup = 5928955287B8089ED2177128;
			productRefGroup = D59F6469233080B6364F20D4 /* Products */;
			projectDirPath = "";
			projectRoot = "";
			targets = (
				42AEFBAE01D2DFD981F7DA7D /* AeroLedger */,
			);
		};
/* End PBXProject section */

/* Begin PBXResourcesBuildPhase section */
		66F8606E9F0A136E2228EBCB /* Resources */ = {
			isa = PBXResourcesBuildPhase;
			buildActionMask = 2147483647;
			files = (
				99810209AD4FE3320BC122AD /* Assets.xcassets in Resources */,
			);
			runOnlyForDeploymentPostprocessing = 0;
		};
/* End PBXResourcesBuildPhase section */

/* Begin PBXSourcesBuildPhase section */
		E7209FB05162B7572F88D05E /* Sources */ = {
			isa = PBXSourcesBuildPhase;
			buildActionMask = 2147483647;
			files = (
				A6C13F15CA01CFBFC33BB8B2 /* AirportOverviewView.swift in Sources */,
				AA2DD67100E7AC8B29C68418 /* BuildView.swift in Sources */,
				AE5FF3AAFF93122D3EA6225A /* CatalogCities.swift in Sources */,
				C88D2EC09DF741D68B3A4C47 /* CatalogEvents.swift in Sources */,
				F0676DA1F292636D58F82E39 /* CatalogFleet.swift in Sources */,
				45259998091280B872FFA6F7 /* CatalogProgress.swift in Sources */,
				A059F0A238C50F66D6A095CE /* Economy.swift in Sources */,
				F07F48C086E30CF6D75DD767 /* EventViews.swift in Sources */,
				819BCD807E1D380A32E85B06 /* FinanceView.swift in Sources */,
				171B4937E8746904EAFF5246 /* FleetView.swift in Sources */,
				531B751E8453CC56ED863967 /* GameEngine.swift in Sources */,
				37AAC157C33887E647904827 /* GameState.swift in Sources */,
				98C350C860A7EDEF4CC01755 /* GameStore.swift in Sources */,
				9B27B02EF04C27F1B96510B1 /* Icons.swift in Sources */,
				38488C0FF5BD3DE77D4F82D2 /* MainMenuView.swift in Sources */,
				825DAA6CBBA7190D7668CBF6 /* Models.swift in Sources */,
				7AF741AA2C1790D132E1E351 /* MoreHubView.swift in Sources */,
				26D9F579906A1FB62F2BA575 /* OnboardingView.swift in Sources */,
				D4FB00463B656832432E4F3F /* ResearchView.swift in Sources */,
				AF62FC010B84154206632703 /* RootView.swift in Sources */,
				E1BA27AD749BD42BF41654D1 /* RouteDetailView.swift in Sources */,
				E4B60649C682520482BE2CA1 /* RoutesView.swift in Sources */,
				8139624898A349ADA4ED5613 /* SettingsView.swift in Sources */,
				3261BA248D0D185F3310D0E2 /* SharedUI.swift in Sources */,
				3A0331FD0393AAFC6DFBAF53 /* AeroLedgerLoadingScreen.swift in Sources */,
				0C95FDC31A1DEE9F504BBF93 /* AeroLedgerApp.swift in Sources */,
				1EE2713B57780F6D6F39C0ED /* AeroLedgerWebPanel.swift in Sources */,
				038C0B5BD122E26AF1E2605D /* StaffBonus.swift in Sources */,
				E94AD60438C76FB08BB4B194 /* StaffView.swift in Sources */,
				BE30B77B93B5337EE9925BE8 /* StatisticsView.swift in Sources */,
				29BB008AD9933FF8A77ED150 /* Theme.swift in Sources */,
				2C08665C08B7FE955253C0FF /* WeekResultView.swift in Sources */,
			);
			runOnlyForDeploymentPostprocessing = 0;
		};
/* End PBXSourcesBuildPhase section */

/* Begin XCBuildConfiguration section */
		71307F56FE0F050CBFE8BD6D /* Debug */ = {
			isa = XCBuildConfiguration;
			buildSettings = {
				ALWAYS_SEARCH_USER_PATHS = NO;
				CLANG_ANALYZER_NONNULL = YES;
				CLANG_ENABLE_MODULES = YES;
				CLANG_ENABLE_OBJC_ARC = YES;
				COPY_PHASE_STRIP = NO;
				ENABLE_STRICT_OBJC_MSGSEND = YES;
				GCC_C_LANGUAGE_STANDARD = gnu11;
				GCC_NO_COMMON_BLOCKS = YES;
				IPHONEOS_DEPLOYMENT_TARGET = 15.6;
				MTL_FAST_MATH = YES;
				SDKROOT = iphoneos;
				DEBUG_INFORMATION_FORMAT = dwarf;
				ENABLE_TESTABILITY = YES;
				GCC_DYNAMIC_NO_PIC = NO;
				GCC_OPTIMIZATION_LEVEL = 0;
				GCC_PREPROCESSOR_DEFINITIONS = (
					"DEBUG=1",
					"$(inherited)",
				);
				MTL_ENABLE_DEBUG_INFO = INCLUDE_SOURCE;
				ONLY_ACTIVE_ARCH = YES;
				SWIFT_ACTIVE_COMPILATION_CONDITIONS = DEBUG;
				SWIFT_OPTIMIZATION_LEVEL = "-Onone";
			};
			name = Debug;
		};
		D4147F9DEB4AD84BF3A14790 /* Release */ = {
			isa = XCBuildConfiguration;
			buildSettings = {
				ALWAYS_SEARCH_USER_PATHS = NO;
				CLANG_ANALYZER_NONNULL = YES;
				CLANG_ENABLE_MODULES = YES;
				CLANG_ENABLE_OBJC_ARC = YES;
				COPY_PHASE_STRIP = NO;
				ENABLE_STRICT_OBJC_MSGSEND = YES;
				GCC_C_LANGUAGE_STANDARD = gnu11;
				GCC_NO_COMMON_BLOCKS = YES;
				IPHONEOS_DEPLOYMENT_TARGET = 15.6;
				MTL_FAST_MATH = YES;
				SDKROOT = iphoneos;
				DEBUG_INFORMATION_FORMAT = "dwarf-with-dsym";
				ENABLE_NS_ASSERTIONS = NO;
				MTL_ENABLE_DEBUG_INFO = NO;
				SWIFT_COMPILATION_MODE = wholemodule;
				SWIFT_OPTIMIZATION_LEVEL = "-O";
			};
			name = Release;
		};
		683105B965893FCC643C4ECF /* Debug */ = {
			isa = XCBuildConfiguration;
			buildSettings = {
				ASSETCATALOG_COMPILER_APPICON_NAME = AppIcon;
				ASSETCATALOG_COMPILER_GLOBAL_ACCENT_COLOR_NAME = AccentColor;
				CODE_SIGN_STYLE = Manual;
				CODE_SIGN_IDENTITY = "";
				DEVELOPMENT_TEAM = "";
				PROVISIONING_PROFILE_SPECIFIER = "";
				CURRENT_PROJECT_VERSION = 1;
				GENERATE_INFOPLIST_FILE = NO;
				INFOPLIST_FILE = "AeroLedger/Info.plist";
				INFOPLIST_KEY_UILaunchScreen_Generation = YES;
				LD_RUNPATH_SEARCH_PATHS = (
					"$(inherited)",
					"@executable_path/Frameworks",
				);
				MARKETING_VERSION = 1.0;
				PRODUCT_BUNDLE_IDENTIFIER = "com.aeroledger.aeroledger";
				PRODUCT_NAME = "$(TARGET_NAME)";
				SUPPORTED_PLATFORMS = "iphoneos iphonesimulator";
				SUPPORTS_MACCATALYST = NO;
				SUPPORTS_MAC_DESIGNED_FOR_IPHONE_IPAD = NO;
				SUPPORTS_XR_DESIGNED_FOR_IPHONE_IPAD = NO;
				SWIFT_EMIT_LOC_STRINGS = YES;
				SWIFT_VERSION = 5.0;
				TARGETED_DEVICE_FAMILY = 1;
			};
			name = Debug;
		};
		4DC7B479A29173674AFD7BAC /* Release */ = {
			isa = XCBuildConfiguration;
			buildSettings = {
				ASSETCATALOG_COMPILER_APPICON_NAME = AppIcon;
				ASSETCATALOG_COMPILER_GLOBAL_ACCENT_COLOR_NAME = AccentColor;
				CODE_SIGN_STYLE = Manual;
				CODE_SIGN_IDENTITY = "";
				DEVELOPMENT_TEAM = "";
				PROVISIONING_PROFILE_SPECIFIER = "";
				CURRENT_PROJECT_VERSION = 1;
				GENERATE_INFOPLIST_FILE = NO;
				INFOPLIST_FILE = "AeroLedger/Info.plist";
				INFOPLIST_KEY_UILaunchScreen_Generation = YES;
				LD_RUNPATH_SEARCH_PATHS = (
					"$(inherited)",
					"@executable_path/Frameworks",
				);
				MARKETING_VERSION = 1.0;
				PRODUCT_BUNDLE_IDENTIFIER = "com.aeroledger.aeroledger";
				PRODUCT_NAME = "$(TARGET_NAME)";
				SUPPORTED_PLATFORMS = "iphoneos iphonesimulator";
				SUPPORTS_MACCATALYST = NO;
				SUPPORTS_MAC_DESIGNED_FOR_IPHONE_IPAD = NO;
				SUPPORTS_XR_DESIGNED_FOR_IPHONE_IPAD = NO;
				SWIFT_EMIT_LOC_STRINGS = YES;
				SWIFT_VERSION = 5.0;
				TARGETED_DEVICE_FAMILY = 1;
			};
			name = Release;
		};
/* End XCBuildConfiguration section */

/* Begin XCConfigurationList section */
		97F095DCB76B3BEBE8A459AD /* Build configuration list for PBXProject */ = {
			isa = XCConfigurationList;
			buildConfigurations = (
				71307F56FE0F050CBFE8BD6D /* Debug */,
				D4147F9DEB4AD84BF3A14790 /* Release */,
			);
			defaultConfigurationIsVisible = 0;
			defaultConfigurationName = Release;
		};
		2857F3DA31A2E77D5F204763 /* Build configuration list for PBXNativeTarget */ = {
			isa = XCConfigurationList;
			buildConfigurations = (
				683105B965893FCC643C4ECF /* Debug */,
				4DC7B479A29173674AFD7BAC /* Release */,
			);
			defaultConfigurationIsVisible = 0;
			defaultConfigurationName = Release;
		};
/* End XCConfigurationList section */
	};
	rootObject = 5299AC4324DC18342A8CCD96 /* Project object */;
}
